
Microsoft Visual Studio Solution File, Format Version 12.00
# Visual Studio Version 17
VisualStudioVersion = 17.8.34330.188
MinimumVisualStudioVersion = 10.0.40219.1
Project("{FAE04EC0-301F-11D3-BF4B-00C04F79EFBC}") = "OtelRezervasyonApp", "OtelRezervasyonApp\OtelRezervasyonApp.csproj", "{8DA9B84B-52A6-4B75-854E-CACFA31A993D}"
EndProject
Global
	GlobalSection(SolutionConfigurationPlatforms) = preSolution
		Debug|Any CPU = Debug|Any CPU
		Release|Any CPU = Release|Any CPU
	EndGlobalSection
	GlobalSection(ProjectConfigurationPlatforms) = postSolution
		{8DA9B84B-52A6-4B75-854E-CACFA31A993D}.Debug|Any CPU.ActiveCfg = Debug|Any CPU
		{8DA9B84B-52A6-4B75-854E-CACFA31A993D}.Debug|Any CPU.Build.0 = Debug|Any CPU
		{8DA9B84B-52A6-4B75-854E-CACFA31A993D}.Release|Any CPU.ActiveCfg = Release|Any CPU
		{8DA9B84B-52A6-4B75-854E-CACFA31A993D}.Release|Any CPU.Build.0 = Release|Any CPU
	EndGlobalSection
	GlobalSection(SolutionProperties) = preSolution
		HideSolutionNode = FALSE
	EndGlobalSection
	GlobalSection(ExtensibilityGlobals) = postSolution
		SolutionGuid = {EF3B1A07-1314-4B22-9A7A-5CEE8F3BE454}
	EndGlobalSection
EndGlobal
